
Microsoft Visual Studio Solution File, Format Version 12.00
# Visual Studio Version 17
VisualStudioVersion = 17.0.31912.275
MinimumVisualStudioVersion = 10.0.40219.1
Project("{FAE04EC0-301F-11D3-BF4B-00C04F79EFBC}") = "PurchaseDepartment", "PurchaseDepartment\PurchaseDepartment.csproj", "{C2B8B0A0-95ED-44FF-8E5C-93731314B4DF}"
EndProject
Project("{FAE04EC0-301F-11D3-BF4B-00C04F79EFBC}") = "PurchaseDepartment.Data", "PurchaseDepartment.Data\PurchaseDepartment.Data.csproj", "{4B71BBD8-D5B9-414D-BC26-A79CE2C47560}"
EndProject
Project("{FAE04EC0-301F-11D3-BF4B-00C04F79EFBC}") = "PurchaseDepartment.Models", "PurchaseDepartment.Models\PurchaseDepartment.Models.csproj", "{94988292-F8E0-4515-ACAE-3DA1C7E1807A}"
EndProject
Global
	GlobalSection(SolutionConfigurationPlatforms) = preSolution
		Debug|Any CPU = Debug|Any CPU
		Release|Any CPU = Release|Any CPU
	EndGlobalSection
	GlobalSection(ProjectConfigurationPlatforms) = postSolution
		{C2B8B0A0-95ED-44FF-8E5C-93731314B4DF}.Debug|Any CPU.ActiveCfg = Debug|Any CPU
		{C2B8B0A0-95ED-44FF-8E5C-93731314B4DF}.Debug|Any CPU.Build.0 = Debug|Any CPU
		{C2B8B0A0-95ED-44FF-8E5C-93731314B4DF}.Release|Any CPU.ActiveCfg = Release|Any CPU
		{C2B8B0A0-95ED-44FF-8E5C-93731314B4DF}.Release|Any CPU.Build.0 = Release|Any CPU
		{4B71BBD8-D5B9-414D-BC26-A79CE2C47560}.Debug|Any CPU.ActiveCfg = Debug|Any CPU
		{4B71BBD8-D5B9-414D-BC26-A79CE2C47560}.Debug|Any CPU.Build.0 = Debug|Any CPU
		{4B71BBD8-D5B9-414D-BC26-A79CE2C47560}.Release|Any CPU.ActiveCfg = Release|Any CPU
		{4B71BBD8-D5B9-414D-BC26-A79CE2C47560}.Release|Any CPU.Build.0 = Release|Any CPU
		{94988292-F8E0-4515-ACAE-3DA1C7E1807A}.Debug|Any CPU.ActiveCfg = Debug|Any CPU
		{94988292-F8E0-4515-ACAE-3DA1C7E1807A}.Debug|Any CPU.Build.0 = Debug|Any CPU
		{94988292-F8E0-4515-ACAE-3DA1C7E1807A}.Release|Any CPU.ActiveCfg = Release|Any CPU
		{94988292-F8E0-4515-ACAE-3DA1C7E1807A}.Release|Any CPU.Build.0 = Release|Any CPU
	EndGlobalSection
	GlobalSection(SolutionProperties) = preSolution
		HideSolutionNode = FALSE
	EndGlobalSection
	GlobalSection(ExtensibilityGlobals) = postSolution
		SolutionGuid = {EE0A9C16-4289-458C-881A-3EE2029E3889}
	EndGlobalSection
EndGlobal
